PODS:
  - Swifter (2.4.0)
  - TwitterCore (3.2.0)
  - TwitterKit (3.4.2):
    - TwitterCore (>= 3.2.0)

DEPENDENCIES:
  - Swifter (from `https://github.com/mattdonnelly/Swifter.git`)
  - TwitterKit

SPEC REPOS:
  trunk:
    - TwitterCore
    - TwitterKit

EXTERNAL SOURCES:
  Swifter:
    :git: https://github.com/mattdonnelly/Swifter.git

CHECKOUT OPTIONS:
  Swifter:
    :commit: 7906c9476f612fc2a77c38f4731d4bc618cea6a8
    :git: https://github.com/mattdonnelly/Swifter.git

SPEC CHECKSUMS:
  Swifter: 0955a05325dc182fabfb1468305aef887180e0f1
  TwitterCore: 8cbc9ad34d91c63a0035ea05bfbfc0d7ca72a28c
  TwitterKit: 5e4f41d70b9abdb41df5467f52d7aa2c0fd26ebb

PODFILE CHECKSUM: fac475bc258fcb314b7e3f2bdeded6d7a49a83ed

COCOAPODS: 1.9.3
